# Code generated by scarb DO NOT EDIT.
version = 1

[[package]]
name = "alexandria_storage"
version = "0.3.0"
source = "git+https://github.com/tekkac/alexandria?branch=fix%2Fcairo-version-2.6.2#bf67650e356d0aa936882b9bbdcb4bd5a33622f4"

[[package]]
name = "graffiti"
version = "0.1.0"
source = "git+https://github.com/ponderingdemocritus/graffiti?rev=bc569531791dbc71c6cd8d9bc154c34eedad31fe#bc569531791dbc71c6cd8d9bc154c34eedad31fe"

[[package]]
name = "offset_certificate"
version = "0.1.0"
dependencies = [
 "alexandria_storage",
 "graffiti",
 "openzeppelin",
 "snforge_std",
]

[[package]]
name = "openzeppelin"
version = "0.10.0"
source = "git+https://github.com/OpenZeppelin/cairo-contracts.git?tag=v0.10.0#d77082732daab2690ba50742ea41080eb23299d3"

[[package]]
name = "snforge_std"
version = "0.19.0"
source = "git+https://github.com/foundry-rs/starknet-foundry.git?tag=v0.19.0#a3391dce5bdda51c63237032e6cfc64fb7a346d4"
